{
    "requires": true,
    "lockfileVersion": 1,
    "dependencies": {
        "codemirror": {
            "version": "5.43.0",
            "resolved": "https://registry.npmjs.org/codemirror/-/codemirror-5.43.0.tgz",
            "integrity": "sha512-mljwQWUaWIf85I7QwTBryF2ASaIvmYAL4s5UCanCJFfKeXOKhrqdHWdHiZWAMNT+hjLTCnVx2S/SYTORIgxsgA=="
        },
        "font-awesome": {
            "version": "4.7.0",
            "resolved": "https://registry.npmjs.org/font-awesome/-/font-awesome-4.7.0.tgz",
            "integrity": "sha1-j6jPBBGhoxr9B7BtKQK7n8gVoTM="
        },
        "froala-editor": {
            "version": "2.9.2",
            "resolved": "https://registry.npmjs.org/froala-editor/-/froala-editor-2.9.2.tgz",
            "integrity": "sha512-4S1x9upI6eyHgzEldt1KE6OajTtXfeT5oyK0egIDEV57oU9rYdOidHW16ViUx90/S3YKMqreq6bExXjmc585pw==",
            "requires": {
                "font-awesome": ">=4.4.0",
                "jquery": ">=1.11.0"
            }
        },
        "jquery": {
            "version": "3.3.1",
            "resolved": "https://registry.npmjs.org/jquery/-/jquery-3.3.1.tgz",
            "integrity": "sha512-Ubldcmxp5np52/ENotGxlLe6aGMvmF4R8S6tZjsP6Knsaxd/xp3Zrh50cG93lR6nPXyUFwzN3ZSOQI0wRJNdGg=="
        },
        "summernote": {
            "version": "0.8.11",
            "resolved": "https://registry.npmjs.org/summernote/-/summernote-0.8.11.tgz",
            "integrity": "sha512-j+YbSK2ox1RZGeD5E/+6k57bvqhQLxiaazSj9zHBXOJnCuc0LZPSIGwyTlMaAGWpo6FlkXfjGS93hEDkV3zVJw==",
            "dev": true
        }
    }
}
